// !$*UTF8*$!
{
	archiveVersion = 1;
	classes = {
	};
	objectVersion = 56;
	objects = {

/* Begin PBXBuildFile section */
		5391721E2BFA355C00B52C54 /* ImageCropApp.swift in Sources */ = {isa = PBXBuildFile; fileRef = 5391721D2BFA355C00B52C54 /* ImageCropApp.swift */; };
		539172202BFA355C00B52C54 /* ContentView.swift in Sources */ = {isa = PBXBuildFile; fileRef = 5391721F2BFA355C00B52C54 /* ContentView.swift */; };
		539172222BFA355E00B52C54 /* Assets.xcassets in Resources */ = {isa = PBXBuildFile; fileRef = 539172212BFA355E00B52C54 /* Assets.xcassets */; };
		539172252BFA355E00B52C54 /* Preview Assets.xcassets in Resources */ = {isa = PBXBuildFile; fileRef = 539172242BFA355E00B52C54 /* Preview Assets.xcassets */; };
		539172302BFA371800B52C54 /* PhotoPicker.swift in Sources */ = {isa = PBXBuildFile; fileRef = 5391722F2BFA371800B52C54 /* PhotoPicker.swift */; };
		539172322BFA378300B52C54 /* CropView.swift in Sources */ = {isa = PBXBuildFile; fileRef = 539172312BFA378300B52C54 /* CropView.swift */; };
		539172382BFA4A5200B52C54 /* ImageModel.swift in Sources */ = {isa = PBXBuildFile; fileRef = 539172372BFA4A5200B52C54 /* ImageModel.swift */; };
		5391723B2BFA4A7D00B52C54 /* ImageEditorVM.swift in Sources */ = {isa = PBXBuildFile; fileRef = 5391723A2BFA4A7D00B52C54 /* ImageEditorVM.swift */; };
		5391723E2BFA4B2C00B52C54 /* ImageEditorView.swift in Sources */ = {isa = PBXBuildFile; fileRef = 5391723D2BFA4B2C00B52C54 /* ImageEditorView.swift */; };
		539172402BFA4CF400B52C54 /* SimpleApproachView.swift in Sources */ = {isa = PBXBuildFile; fileRef = 5391723F2BFA4CF400B52C54 /* SimpleApproachView.swift */; };
/* End PBXBuildFile section */

/* Begin PBXFileReference section */
		5391721A2BFA355C00B52C54 /* ImageCrop.app */ = {isa = PBXFileReference; explicitFileType = wrapper.application; includeInIndex = 0; path = ImageCrop.app; sourceTree = BUILT_PRODUCTS_DIR; };
		5391721D2BFA355C00B52C54 /* ImageCropApp.swift */ = {isa = PBXFileReference; lastKnownFileType = sourcecode.swift; path = ImageCropApp.swift; sourceTree = "<group>"; };
		5391721F2BFA355C00B52C54 /* ContentView.swift */ = {isa = PBXFileReference; lastKnownFileType = sourcecode.swift; path = ContentView.swift; sourceTree = "<group>"; };
		539172212BFA355E00B52C54 /* Assets.xcassets */ = {isa = PBXFileReference; lastKnownFileType = folder.assetcatalog; path = Assets.xcassets; sourceTree = "<group>"; };
		539172242BFA355E00B52C54 /* Preview Assets.xcassets */ = {isa = PBXFileReference; lastKnownFileType = folder.assetcatalog; path = "Preview Assets.xcassets"; sourceTree = "<group>"; };
		5391722F2BFA371800B52C54 /* PhotoPicker.swift */ = {isa = PBXFileReference; lastKnownFileType = sourcecode.swift; path = PhotoPicker.swift; sourceTree = "<group>"; };
		539172312BFA378300B52C54 /* CropView.swift */ = {isa = PBXFileReference; lastKnownFileType = sourcecode.swift; path = CropView.swift; sourceTree = "<group>"; };
		539172372BFA4A5200B52C54 /* ImageModel.swift */ = {isa = PBXFileReference; lastKnownFileType = sourcecode.swift; path = ImageModel.swift; sourceTree = "<group>"; };
		5391723A2BFA4A7D00B52C54 /* ImageEditorVM.swift */ = {isa = PBXFileReference; lastKnownFileType = sourcecode.swift; path = ImageEditorVM.swift; sourceTree = "<group>"; };
		5391723D2BFA4B2C00B52C54 /* ImageEditorView.swift */ = {isa = PBXFileReference; lastKnownFileType = sourcecode.swift; path = ImageEditorView.swift; sourceTree = "<group>"; };
		5391723F2BFA4CF400B52C54 /* SimpleApproachView.swift */ = {isa = PBXFileReference; lastKnownFileType = sourcecode.swift; path = SimpleApproachView.swift; sourceTree = "<group>"; };
/* End PBXFileReference section */

/* Begin PBXFrameworksBuildPhase section */
		539172172BFA355C00B52C54 /* Frameworks */ = {
			isa = PBXFrameworksBuildPhase;
			buildActionMask = 2147483647;
			files = (
			);
			runOnlyForDeploymentPostprocessing = 0;
		};
/* End PBXFrameworksBuildPhase section */

/* Begin PBXGroup section */
		539172112BFA355C00B52C54 = {
			isa = PBXGroup;
			children = (
				5391721C2BFA355C00B52C54 /* ImageCrop */,
				5391721B2BFA355C00B52C54 /* Products */,
			);
			sourceTree = "<group>";
		};
		5391721B2BFA355C00B52C54 /* Products */ = {
			isa = PBXGroup;
			children = (
				5391721A2BFA355C00B52C54 /* ImageCrop.app */,
			);
			name = Products;
			sourceTree = "<group>";
		};
		5391721C2BFA355C00B52C54 /* ImageCrop */ = {
			isa = PBXGroup;
			children = (
				539172332BFA49D600B52C54 /* Modules */,
				5391722B2BFA35C100B52C54 /* App */,
				5391722D2BFA35CE00B52C54 /* Resources */,
				539172232BFA355E00B52C54 /* Preview Content */,
			);
			path = ImageCrop;
			sourceTree = "<group>";
		};
		539172232BFA355E00B52C54 /* Preview Content */ = {
			isa = PBXGroup;
			children = (
				539172242BFA355E00B52C54 /* Preview Assets.xcassets */,
			);
			path = "Preview Content";
			sourceTree = "<group>";
		};
		5391722B2BFA35C100B52C54 /* App */ = {
			isa = PBXGroup;
			children = (
				5391721D2BFA355C00B52C54 /* ImageCropApp.swift */,
			);
			path = App;
			sourceTree = "<group>";
		};
		5391722C2BFA35C700B52C54 /* View */ = {
			isa = PBXGroup;
			children = (
				5391721F2BFA355C00B52C54 /* ContentView.swift */,
				539172312BFA378300B52C54 /* CropView.swift */,
			);
			path = View;
			sourceTree = "<group>";
		};
		5391722D2BFA35CE00B52C54 /* Resources */ = {
			isa = PBXGroup;
			children = (
				539172212BFA355E00B52C54 /* Assets.xcassets */,
			);
			path = Resources;
			sourceTree = "<group>";
		};
		5391722E2BFA370700B52C54 /* Helper */ = {
			isa = PBXGroup;
			children = (
				5391722F2BFA371800B52C54 /* PhotoPicker.swift */,
			);
			path = Helper;
			sourceTree = "<group>";
		};
		539172332BFA49D600B52C54 /* Modules */ = {
			isa = PBXGroup;
			children = (
				539172352BFA4A0000B52C54 /* SimpleApproach */,
				539172342BFA49E300B52C54 /* Eksperimen */,
			);
			path = Modules;
			sourceTree = "<group>";
		};
		539172342BFA49E300B52C54 /* Eksperimen */ = {
			isa = PBXGroup;
			children = (
				5391722C2BFA35C700B52C54 /* View */,
				5391722E2BFA370700B52C54 /* Helper */,
			);
			path = Eksperimen;
			sourceTree = "<group>";
		};
		539172352BFA4A0000B52C54 /* SimpleApproach */ = {
			isa = PBXGroup;
			children = (
				5391723C2BFA4B1F00B52C54 /* View */,
				539172392BFA4A6D00B52C54 /* ViewModel */,
				539172362BFA4A4300B52C54 /* Model */,
			);
			path = SimpleApproach;
			sourceTree = "<group>";
		};
		539172362BFA4A4300B52C54 /* Model */ = {
			isa = PBXGroup;
			children = (
				539172372BFA4A5200B52C54 /* ImageModel.swift */,
			);
			path = Model;
			sourceTree = "<group>";
		};
		539172392BFA4A6D00B52C54 /* ViewModel */ = {
			isa = PBXGroup;
			children = (
				5391723A2BFA4A7D00B52C54 /* ImageEditorVM.swift */,
			);
			path = ViewModel;
			sourceTree = "<group>";
		};
		5391723C2BFA4B1F00B52C54 /* View */ = {
			isa = PBXGroup;
			children = (
				5391723D2BFA4B2C00B52C54 /* ImageEditorView.swift */,
				5391723F2BFA4CF400B52C54 /* SimpleApproachView.swift */,
			);
			path = View;
			sourceTree = "<group>";
		};
/* End PBXGroup section */

/* Begin PBXNativeTarget section */
		539172192BFA355C00B52C54 /* ImageCrop */ = {
			isa = PBXNativeTarget;
			buildConfigurationList = 539172282BFA355E00B52C54 /* Build configuration list for PBXNativeTarget "ImageCrop" */;
			buildPhases = (
				539172162BFA355C00B52C54 /* Sources */,
				539172172BFA355C00B52C54 /* Frameworks */,
				539172182BFA355C00B52C54 /* Resources */,
			);
			buildRules = (
			);
			dependencies = (
			);
			name = ImageCrop;
			productName = ImageCrop;
			productReference = 5391721A2BFA355C00B52C54 /* ImageCrop.app */;
			productType = "com.apple.product-type.application";
		};
/* End PBXNativeTarget section */

/* Begin PBXProject section */
		539172122BFA355C00B52C54 /* Project object */ = {
			isa = PBXProject;
			attributes = {
				BuildIndependentTargetsInParallel = 1;
				LastSwiftUpdateCheck = 1540;
				LastUpgradeCheck = 1540;
				TargetAttributes = {
					539172192BFA355C00B52C54 = {
						CreatedOnToolsVersion = 15.4;
					};
				};
			};
			buildConfigurationList = 539172152BFA355C00B52C54 /* Build configuration list for PBXProject "ImageCrop" */;
			compatibilityVersion = "Xcode 14.0";
			developmentRegion = en;
			hasScannedForEncodings = 0;
			knownRegions = (
				en,
				Base,
			);
			mainGroup = 539172112BFA355C00B52C54;
			productRefGroup = 5391721B2BFA355C00B52C54 /* Products */;
			projectDirPath = "";
			projectRoot = "";
			targets = (
				539172192BFA355C00B52C54 /* ImageCrop */,
			);
		};
/* End PBXProject section */

/* Begin PBXResourcesBuildPhase section */
		539172182BFA355C00B52C54 /* Resources */ = {
			isa = PBXResourcesBuildPhase;
			buildActionMask = 2147483647;
			files = (
				539172252BFA355E00B52C54 /* Preview Assets.xcassets in Resources */,
				539172222BFA355E00B52C54 /* Assets.xcassets in Resources */,
			);
			runOnlyForDeploymentPostprocessing = 0;
		};
/* End PBXResourcesBuildPhase section */

/* Begin PBXSourcesBuildPhase section */
		539172162BFA355C00B52C54 /* Sources */ = {
			isa = PBXSourcesBuildPhase;
			buildActionMask = 2147483647;
			files = (
				539172322BFA378300B52C54 /* CropView.swift in Sources */,
				5391723E2BFA4B2C00B52C54 /* ImageEditorView.swift in Sources */,
				539172382BFA4A5200B52C54 /* ImageModel.swift in Sources */,
				539172202BFA355C00B52C54 /* ContentView.swift in Sources */,
				5391723B2BFA4A7D00B52C54 /* ImageEditorVM.swift in Sources */,
				5391721E2BFA355C00B52C54 /* ImageCropApp.swift in Sources */,
				539172402BFA4CF400B52C54 /* SimpleApproachView.swift in Sources */,
				539172302BFA371800B52C54 /* PhotoPicker.swift in Sources */,
			);
			runOnlyForDeploymentPostprocessing = 0;
		};
/* End PBXSourcesBuildPhase section */

/* Begin XCBuildConfiguration section */
		539172262BFA355E00B52C54 /* Debug */ = {
			isa = XCBuildConfiguration;
			buildSettings = {
				ALWAYS_SEARCH_USER_PATHS = NO;
				ASSETCATALOG_COMPILER_GENERATE_SWIFT_ASSET_SYMBOL_EXTENSIONS = YES;
				CLANG_ANALYZER_NONNULL = YES;
				CLANG_ANALYZER_NUMBER_OBJECT_CONVERSION = YES_AGGRESSIVE;
				CLANG_CXX_LANGUAGE_STANDARD = "gnu++20";
				CLANG_ENABLE_MODULES = YES;
				CLANG_ENABLE_OBJC_ARC = YES;
				CLANG_ENABLE_OBJC_WEAK = YES;
				CLANG_WARN_BLOCK_CAPTURE_AUTORELEASING = YES;
				CLANG_WARN_BOOL_CONVERSION = YES;
				CLANG_WARN_COMMA = YES;
				CLANG_WARN_CONSTANT_CONVERSION = YES;
				CLANG_WARN_DEPRECATED_OBJC_IMPLEMENTATIONS = YES;
				CLANG_WARN_DIRECT_OBJC_ISA_USAGE = YES_ERROR;
				CLANG_WARN_DOCUMENTATION_COMMENTS = YES;
				CLANG_WARN_EMPTY_BODY = YES;
				CLANG_WARN_ENUM_CONVERSION = YES;
				CLANG_WARN_INFINITE_RECURSION = YES;
				CLANG_WARN_INT_CONVERSION = YES;
				CLANG_WARN_NON_LITERAL_NULL_CONVERSION = YES;
				CLANG_WARN_OBJC_IMPLICIT_RETAIN_SELF = YES;
				CLANG_WARN_OBJC_LITERAL_CONVERSION = YES;
				CLANG_WARN_OBJC_ROOT_CLASS = YES_ERROR;
				CLANG_WARN_QUOTED_INCLUDE_IN_FRAMEWORK_HEADER = YES;
				CLANG_WARN_RANGE_LOOP_ANALYSIS = YES;
				CLANG_WARN_STRICT_PROTOTYPES = YES;
				CLANG_WARN_SUSPICIOUS_MOVE = YES;
				CLANG_WARN_UNGUARDED_AVAILABILITY = YES_AGGRESSIVE;
				CLANG_WARN_UNREACHABLE_CODE = YES;
				CLANG_WARN__DUPLICATE_METHOD_MATCH = YES;
				COPY_PHASE_STRIP = NO;
				DEBUG_INFORMATION_FORMAT = dwarf;
				ENABLE_STRICT_OBJC_MSGSEND = YES;
				ENABLE_TESTABILITY = YES;
				ENABLE_USER_SCRIPT_SANDBOXING = YES;
				GCC_C_LANGUAGE_STANDARD = gnu17;
				GCC_DYNAMIC_NO_PIC = NO;
				GCC_NO_COMMON_BLOCKS = YES;
				GCC_OPTIMIZATION_LEVEL = 0;
				GCC_PREPROCESSOR_DEFINITIONS = (
					"DEBUG=1",
					"$(inherited)",
				);
				GCC_WARN_64_TO_32_BIT_CONVERSION = YES;
				GCC_WARN_ABOUT_RETURN_TYPE = YES_ERROR;
				GCC_WARN_UNDECLARED_SELECTOR = YES;
				GCC_WARN_UNINITIALIZED_AUTOS = YES_AGGRESSIVE;
				GCC_WARN_UNUSED_FUNCTION = YES;
				GCC_WARN_UNUSED_VARIABLE = YES;
				IPHONEOS_DEPLOYMENT_TARGET = 17.5;
				LOCALIZATION_PREFERS_STRING_CATALOGS = YES;
				MTL_ENABLE_DEBUG_INFO = INCLUDE_SOURCE;
				MTL_FAST_MATH = YES;
				ONLY_ACTIVE_ARCH = YES;
				SDKROOT = iphoneos;
				SWIFT_ACTIVE_COMPILATION_CONDITIONS = "DEBUG $(inherited)";
				SWIFT_OPTIMIZATION_LEVEL = "-Onone";
			};
			name = Debug;
		};
		539172272BFA355E00B52C54 /* Release */ = {
			isa = XCBuildConfiguration;
			buildSettings = {
				ALWAYS_SEARCH_USER_PATHS = NO;
				ASSETCATALOG_COMPILER_GENERATE_SWIFT_ASSET_SYMBOL_EXTENSIONS = YES;
				CLANG_ANALYZER_NONNULL = YES;
				CLANG_ANALYZER_NUMBER_OBJECT_CONVERSION = YES_AGGRESSIVE;
				CLANG_CXX_LANGUAGE_STANDARD = "gnu++20";
				CLANG_ENABLE_MODULES = YES;
				CLANG_ENABLE_OBJC_ARC = YES;
				CLANG_ENABLE_OBJC_WEAK = YES;
				CLANG_WARN_BLOCK_CAPTURE_AUTORELEASING = YES;
				CLANG_WARN_BOOL_CONVERSION = YES;
				CLANG_WARN_COMMA = YES;
				CLANG_WARN_CONSTANT_CONVERSION = YES;
				CLANG_WARN_DEPRECATED_OBJC_IMPLEMENTATIONS = YES;
				CLANG_WARN_DIRECT_OBJC_ISA_USAGE = YES_ERROR;
				CLANG_WARN_DOCUMENTATION_COMMENTS = YES;
				CLANG_WARN_EMPTY_BODY = YES;
				CLANG_WARN_ENUM_CONVERSION = YES;
				CLANG_WARN_INFINITE_RECURSION = YES;
				CLANG_WARN_INT_CONVERSION = YES;
				CLANG_WARN_NON_LITERAL_NULL_CONVERSION = YES;
				CLANG_WARN_OBJC_IMPLICIT_RETAIN_SELF = YES;
				CLANG_WARN_OBJC_LITERAL_CONVERSION = YES;
				CLANG_WARN_OBJC_ROOT_CLASS = YES_ERROR;
				CLANG_WARN_QUOTED_INCLUDE_IN_FRAMEWORK_HEADER = YES;
				CLANG_WARN_RANGE_LOOP_ANALYSIS = YES;
				CLANG_WARN_STRICT_PROTOTYPES = YES;
				CLANG_WARN_SUSPICIOUS_MOVE = YES;
				CLANG_WARN_UNGUARDED_AVAILABILITY = YES_AGGRESSIVE;
				CLANG_WARN_UNREACHABLE_CODE = YES;
				CLANG_WARN__DUPLICATE_METHOD_MATCH = YES;
				COPY_PHASE_STRIP = NO;
				DEBUG_INFORMATION_FORMAT = "dwarf-with-dsym";
				ENABLE_NS_ASSERTIONS = NO;
				ENABLE_STRICT_OBJC_MSGSEND = YES;
				ENABLE_USER_SCRIPT_SANDBOXING = YES;
				GCC_C_LANGUAGE_STANDARD = gnu17;
				GCC_NO_COMMON_BLOCKS = YES;
				GCC_WARN_64_TO_32_BIT_CONVERSION = YES;
				GCC_WARN_ABOUT_RETURN_TYPE = YES_ERROR;
				GCC_WARN_UNDECLARED_SELECTOR = YES;
				GCC_WARN_UNINITIALIZED_AUTOS = YES_AGGRESSIVE;
				GCC_WARN_UNUSED_FUNCTION = YES;
				GCC_WARN_UNUSED_VARIABLE = YES;
				IPHONEOS_DEPLOYMENT_TARGET = 17.5;
				LOCALIZATION_PREFERS_STRING_CATALOGS = YES;
				MTL_ENABLE_DEBUG_INFO = NO;
				MTL_FAST_MATH = YES;
				SDKROOT = iphoneos;
				SWIFT_COMPILATION_MODE = wholemodule;
				VALIDATE_PRODUCT = YES;
			};
			name = Release;
		};
		539172292BFA355E00B52C54 /* Debug */ = {
			isa = XCBuildConfiguration;
			buildSettings = {
				ASSETCATALOG_COMPILER_APPICON_NAME = AppIcon;
				ASSETCATALOG_COMPILER_GLOBAL_ACCENT_COLOR_NAME = AccentColor;
				CODE_SIGN_STYLE = Automatic;
				CURRENT_PROJECT_VERSION = 1;
				DEVELOPMENT_ASSET_PATHS = "\"ImageCrop/Preview Content\"";
				DEVELOPMENT_TEAM = EJGCGKY84H;
				ENABLE_PREVIEWS = YES;
				GENERATE_INFOPLIST_FILE = YES;
				INFOPLIST_KEY_NSPhotoLibraryAddUsageDescription = "This app will need your permition to save photos to your gallery.";
				INFOPLIST_KEY_NSPhotoLibraryUsageDescription = "This app will need your permition to access your photos gallery.";
				INFOPLIST_KEY_UIApplicationSceneManifest_Generation = YES;
				INFOPLIST_KEY_UIApplicationSupportsIndirectInputEvents = YES;
				INFOPLIST_KEY_UILaunchScreen_Generation = YES;
				INFOPLIST_KEY_UISupportedInterfaceOrientations_iPad = "UIInterfaceOrientationPortrait UIInterfaceOrientationPortraitUpsideDown UIInterfaceOrientationLandscapeLeft UIInterfaceOrientationLandscapeRight";
				INFOPLIST_KEY_UISupportedInterfaceOrientations_iPhone = "UIInterfaceOrientationPortrait UIInterfaceOrientationLandscapeLeft UIInterfaceOrientationLandscapeRight";
				IPHONEOS_DEPLOYMENT_TARGET = 14.0;
				LD_RUNPATH_SEARCH_PATHS = (
					"$(inherited)",
					"@executable_path/Frameworks",
				);
				MARKETING_VERSION = 1.0;
				PRODUCT_BUNDLE_IDENTIFIER = com.iswift.ImageCrop;
				PRODUCT_NAME = "$(TARGET_NAME)";
				SUPPORTED_PLATFORMS = "iphoneos iphonesimulator";
				SUPPORTS_MACCATALYST = NO;
				SUPPORTS_MAC_DESIGNED_FOR_IPHONE_IPAD = NO;
				SUPPORTS_XR_DESIGNED_FOR_IPHONE_IPAD = NO;
				SWIFT_EMIT_LOC_STRINGS = YES;
				SWIFT_VERSION = 5.0;
				TARGETED_DEVICE_FAMILY = 1;
			};
			name = Debug;
		};
		5391722A2BFA355E00B52C54 /* Release */ = {
			isa = XCBuildConfiguration;
			buildSettings = {
				ASSETCATALOG_COMPILER_APPICON_NAME = AppIcon;
				ASSETCATALOG_COMPILER_GLOBAL_ACCENT_COLOR_NAME = AccentColor;
				CODE_SIGN_STYLE = Automatic;
				CURRENT_PROJECT_VERSION = 1;
				DEVELOPMENT_ASSET_PATHS = "\"ImageCrop/Preview Content\"";
				DEVELOPMENT_TEAM = EJGCGKY84H;
				ENABLE_PREVIEWS = YES;
				GENERATE_INFOPLIST_FILE = YES;
				INFOPLIST_KEY_NSPhotoLibraryAddUsageDescription = "This app will need your permition to save photos to your gallery.";
				INFOPLIST_KEY_NSPhotoLibraryUsageDescription = "This app will need your permition to access your photos gallery.";
				INFOPLIST_KEY_UIApplicationSceneManifest_Generation = YES;
				INFOPLIST_KEY_UIApplicationSupportsIndirectInputEvents = YES;
				INFOPLIST_KEY_UILaunchScreen_Generation = YES;
				INFOPLIST_KEY_UISupportedInterfaceOrientations_iPad = "UIInterfaceOrientationPortrait UIInterfaceOrientationPortraitUpsideDown UIInterfaceOrientationLandscapeLeft UIInterfaceOrientationLandscapeRight";
				INFOPLIST_KEY_UISupportedInterfaceOrientations_iPhone = "UIInterfaceOrientationPortrait UIInterfaceOrientationLandscapeLeft UIInterfaceOrientationLandscapeRight";
				IPHONEOS_DEPLOYMENT_TARGET = 14.0;
				LD_RUNPATH_SEARCH_PATHS = (
					"$(inherited)",
					"@executable_path/Frameworks",
				);
				MARKETING_VERSION = 1.0;
				PRODUCT_BUNDLE_IDENTIFIER = com.iswift.ImageCrop;
				PRODUCT_NAME = "$(TARGET_NAME)";
				SUPPORTED_PLATFORMS = "iphoneos iphonesimulator";
				SUPPORTS_MACCATALYST = NO;
				SUPPORTS_MAC_DESIGNED_FOR_IPHONE_IPAD = NO;
				SUPPORTS_XR_DESIGNED_FOR_IPHONE_IPAD = NO;
				SWIFT_EMIT_LOC_STRINGS = YES;
				SWIFT_VERSION = 5.0;
				TARGETED_DEVICE_FAMILY = 1;
			};
			name = Release;
		};
/* End XCBuildConfiguration section */

/* Begin XCConfigurationList section */
		539172152BFA355C00B52C54 /* Build configuration list for PBXProject "ImageCrop" */ = {
			isa = XCConfigurationList;
			buildConfigurations = (
				539172262BFA355E00B52C54 /* Debug */,
				539172272BFA355E00B52C54 /* Release */,
			);
			defaultConfigurationIsVisible = 0;
			defaultConfigurationName = Release;
		};
		539172282BFA355E00B52C54 /* Build configuration list for PBXNativeTarget "ImageCrop" */ = {
			isa = XCConfigurationList;
			buildConfigurations = (
				539172292BFA355E00B52C54 /* Debug */,
				5391722A2BFA355E00B52C54 /* Release */,
			);
			defaultConfigurationIsVisible = 0;
			defaultConfigurationName = Release;
		};
/* End XCConfigurationList section */
	};
	rootObject = 539172122BFA355C00B52C54 /* Project object */;
}
